
Microsoft Visual Studio Solution File, Format Version 12.00
# Visual Studio 15
VisualStudioVersion = 15.0.28010.2016
MinimumVisualStudioVersion = 10.0.40219.1
Project("{FAE04EC0-301F-11D3-BF4B-00C04F79EFBC}") = "DesignPattern.Facade", "DesignPatternsCodeSamples\DesignPattern.Facade.csproj", "{135E9409-A44D-449B-BC6F-808925E79DC5}"
EndProject
Project("{FAE04EC0-301F-11D3-BF4B-00C04F79EFBC}") = "DesignPatternSampleUnitTest", "DesignPatternSampleUnitTest\DesignPatternSampleUnitTest.csproj", "{2A527719-8F89-4406-9DB8-22992218FB34}"
EndProject
Project("{FAE04EC0-301F-11D3-BF4B-00C04F79EFBC}") = "DesignPattern.Factory", "DesignPattern.Factory\DesignPattern.Factory.csproj", "{42A5EAD5-7468-425F-B61C-01DF5711A7F0}"
EndProject
Project("{FAE04EC0-301F-11D3-BF4B-00C04F79EFBC}") = "DesignPattern.AbstractFactory", "DesignPattern.AbstractFactory\DesignPattern.AbstractFactory.csproj", "{7F902A78-CD20-473C-A392-80A625F8B0A4}"
EndProject
Project("{FAE04EC0-301F-11D3-BF4B-00C04F79EFBC}") = "DessignPattern.Singleton", "DessignPattern.Singleton\DessignPattern.Singleton.csproj", "{D5C9FFA6-FC80-43AF-BC0F-F1AEE47A0058}"
EndProject
Project("{FAE04EC0-301F-11D3-BF4B-00C04F79EFBC}") = "DesignPattern.Adapter", "DesignPattern.Adapter\DesignPattern.Adapter.csproj", "{05A0F349-D9E3-4417-AED6-3C8803B1D025}"
EndProject
Project("{FAE04EC0-301F-11D3-BF4B-00C04F79EFBC}") = "DesignPattern.Bridge", "DesignPattern.Bridge\DesignPattern.Bridge.csproj", "{9FB48107-53A6-498F-83A8-DA1E12B689BD}"
EndProject
Project("{FAE04EC0-301F-11D3-BF4B-00C04F79EFBC}") = "DesignPattern.Strategy", "DesignPattern.Strategy\DesignPattern.Strategy.csproj", "{1C930FD4-66A5-4F47-A539-EBD25CF009D6}"
EndProject
Project("{FAE04EC0-301F-11D3-BF4B-00C04F79EFBC}") = "DesignPattern.Decorator", "DesignPattern.Decorator\DesignPattern.Decorator.csproj", "{EC09FF2F-C561-49E5-AC1C-1C138449BEB9}"
EndProject
Project("{FAE04EC0-301F-11D3-BF4B-00C04F79EFBC}") = "DeisgnPattern.Command", "DeisgnPattern.Command\DeisgnPattern.Command.csproj", "{326FF22C-EF1B-4ADF-8D17-EA40AA48F098}"
EndProject
Project("{FAE04EC0-301F-11D3-BF4B-00C04F79EFBC}") = "DesignPattern.Proxy", "DesignPattern.Proxy\DesignPattern.Proxy.csproj", "{CC6A91E6-B795-4828-806C-96D36D37FEC1}"
EndProject
Project("{FAE04EC0-301F-11D3-BF4B-00C04F79EFBC}") = "DesignPattern.TemplateMethod", "DesignPattern.TemplateMethod\DesignPattern.TemplateMethod.csproj", "{36EAA767-A182-4B4E-B0C4-54D9DFC727BB}"
EndProject
Project("{FAE04EC0-301F-11D3-BF4B-00C04F79EFBC}") = "DesignPattern.Composite", "DesignPattern.Composite\DesignPattern.Composite.csproj", "{6E8AB94D-C63F-4C28-8E14-83DAD0E3467D}"
EndProject
Project("{FAE04EC0-301F-11D3-BF4B-00C04F79EFBC}") = "DesignPattern.Iterator", "DesignPattern.Iterator\DesignPattern.Iterator.csproj", "{16779AED-C4C6-4A5C-BC3D-91B8F599ACE1}"
EndProject
Project("{FAE04EC0-301F-11D3-BF4B-00C04F79EFBC}") = "DesignPattern.Builder", "DesignPattern.Builder\DesignPattern.Builder.csproj", "{A6DBBE2B-E26B-4DB3-9C7B-57A760D364B4}"
EndProject
Global
	GlobalSection(SolutionConfigurationPlatforms) = preSolution
		Debug|Any CPU = Debug|Any CPU
		Release|Any CPU = Release|Any CPU
	EndGlobalSection
	GlobalSection(ProjectConfigurationPlatforms) = postSolution
		{135E9409-A44D-449B-BC6F-808925E79DC5}.Debug|Any CPU.ActiveCfg = Debug|Any CPU
		{135E9409-A44D-449B-BC6F-808925E79DC5}.Debug|Any CPU.Build.0 = Debug|Any CPU
		{135E9409-A44D-449B-BC6F-808925E79DC5}.Release|Any CPU.ActiveCfg = Release|Any CPU
		{135E9409-A44D-449B-BC6F-808925E79DC5}.Release|Any CPU.Build.0 = Release|Any CPU
		{2A527719-8F89-4406-9DB8-22992218FB34}.Debug|Any CPU.ActiveCfg = Debug|Any CPU
		{2A527719-8F89-4406-9DB8-22992218FB34}.Debug|Any CPU.Build.0 = Debug|Any CPU
		{2A527719-8F89-4406-9DB8-22992218FB34}.Release|Any CPU.ActiveCfg = Release|Any CPU
		{2A527719-8F89-4406-9DB8-22992218FB34}.Release|Any CPU.Build.0 = Release|Any CPU
		{42A5EAD5-7468-425F-B61C-01DF5711A7F0}.Debug|Any CPU.ActiveCfg = Debug|Any CPU
		{42A5EAD5-7468-425F-B61C-01DF5711A7F0}.Debug|Any CPU.Build.0 = Debug|Any CPU
		{42A5EAD5-7468-425F-B61C-01DF5711A7F0}.Release|Any CPU.ActiveCfg = Release|Any CPU
		{42A5EAD5-7468-425F-B61C-01DF5711A7F0}.Release|Any CPU.Build.0 = Release|Any CPU
		{7F902A78-CD20-473C-A392-80A625F8B0A4}.Debug|Any CPU.ActiveCfg = Debug|Any CPU
		{7F902A78-CD20-473C-A392-80A625F8B0A4}.Debug|Any CPU.Build.0 = Debug|Any CPU
		{7F902A78-CD20-473C-A392-80A625F8B0A4}.Release|Any CPU.ActiveCfg = Release|Any CPU
		{7F902A78-CD20-473C-A392-80A625F8B0A4}.Release|Any CPU.Build.0 = Release|Any CPU
		{D5C9FFA6-FC80-43AF-BC0F-F1AEE47A0058}.Debug|Any CPU.ActiveCfg = Debug|Any CPU
		{D5C9FFA6-FC80-43AF-BC0F-F1AEE47A0058}.Debug|Any CPU.Build.0 = Debug|Any CPU
		{D5C9FFA6-FC80-43AF-BC0F-F1AEE47A0058}.Release|Any CPU.ActiveCfg = Release|Any CPU
		{D5C9FFA6-FC80-43AF-BC0F-F1AEE47A0058}.Release|Any CPU.Build.0 = Release|Any CPU
		{05A0F349-D9E3-4417-AED6-3C8803B1D025}.Debug|Any CPU.ActiveCfg = Debug|Any CPU
		{05A0F349-D9E3-4417-AED6-3C8803B1D025}.Debug|Any CPU.Build.0 = Debug|Any CPU
		{05A0F349-D9E3-4417-AED6-3C8803B1D025}.Release|Any CPU.ActiveCfg = Release|Any CPU
		{05A0F349-D9E3-4417-AED6-3C8803B1D025}.Release|Any CPU.Build.0 = Release|Any CPU
		{9FB48107-53A6-498F-83A8-DA1E12B689BD}.Debug|Any CPU.ActiveCfg = Debug|Any CPU
		{9FB48107-53A6-498F-83A8-DA1E12B689BD}.Debug|Any CPU.Build.0 = Debug|Any CPU
		{9FB48107-53A6-498F-83A8-DA1E12B689BD}.Release|Any CPU.ActiveCfg = Release|Any CPU
		{9FB48107-53A6-498F-83A8-DA1E12B689BD}.Release|Any CPU.Build.0 = Release|Any CPU
		{1C930FD4-66A5-4F47-A539-EBD25CF009D6}.Debug|Any CPU.ActiveCfg = Debug|Any CPU
		{1C930FD4-66A5-4F47-A539-EBD25CF009D6}.Debug|Any CPU.Build.0 = Debug|Any CPU
		{1C930FD4-66A5-4F47-A539-EBD25CF009D6}.Release|Any CPU.ActiveCfg = Release|Any CPU
		{1C930FD4-66A5-4F47-A539-EBD25CF009D6}.Release|Any CPU.Build.0 = Release|Any CPU
		{EC09FF2F-C561-49E5-AC1C-1C138449BEB9}.Debug|Any CPU.ActiveCfg = Debug|Any CPU
		{EC09FF2F-C561-49E5-AC1C-1C138449BEB9}.Debug|Any CPU.Build.0 = Debug|Any CPU
		{EC09FF2F-C561-49E5-AC1C-1C138449BEB9}.Release|Any CPU.ActiveCfg = Release|Any CPU
		{EC09FF2F-C561-49E5-AC1C-1C138449BEB9}.Release|Any CPU.Build.0 = Release|Any CPU
		{326FF22C-EF1B-4ADF-8D17-EA40AA48F098}.Debug|Any CPU.ActiveCfg = Debug|Any CPU
		{326FF22C-EF1B-4ADF-8D17-EA40AA48F098}.Debug|Any CPU.Build.0 = Debug|Any CPU
		{326FF22C-EF1B-4ADF-8D17-EA40AA48F098}.Release|Any CPU.ActiveCfg = Release|Any CPU
		{326FF22C-EF1B-4ADF-8D17-EA40AA48F098}.Release|Any CPU.Build.0 = Release|Any CPU
		{CC6A91E6-B795-4828-806C-96D36D37FEC1}.Debug|Any CPU.ActiveCfg = Debug|Any CPU
		{CC6A91E6-B795-4828-806C-96D36D37FEC1}.Debug|Any CPU.Build.0 = Debug|Any CPU
		{CC6A91E6-B795-4828-806C-96D36D37FEC1}.Release|Any CPU.ActiveCfg = Release|Any CPU
		{CC6A91E6-B795-4828-806C-96D36D37FEC1}.Release|Any CPU.Build.0 = Release|Any CPU
		{36EAA767-A182-4B4E-B0C4-54D9DFC727BB}.Debug|Any CPU.ActiveCfg = Debug|Any CPU
		{36EAA767-A182-4B4E-B0C4-54D9DFC727BB}.Debug|Any CPU.Build.0 = Debug|Any CPU
		{36EAA767-A182-4B4E-B0C4-54D9DFC727BB}.Release|Any CPU.ActiveCfg = Release|Any CPU
		{36EAA767-A182-4B4E-B0C4-54D9DFC727BB}.Release|Any CPU.Build.0 = Release|Any CPU
		{6E8AB94D-C63F-4C28-8E14-83DAD0E3467D}.Debug|Any CPU.ActiveCfg = Debug|Any CPU
		{6E8AB94D-C63F-4C28-8E14-83DAD0E3467D}.Debug|Any CPU.Build.0 = Debug|Any CPU
		{6E8AB94D-C63F-4C28-8E14-83DAD0E3467D}.Release|Any CPU.ActiveCfg = Release|Any CPU
		{6E8AB94D-C63F-4C28-8E14-83DAD0E3467D}.Release|Any CPU.Build.0 = Release|Any CPU
		{16779AED-C4C6-4A5C-BC3D-91B8F599ACE1}.Debug|Any CPU.ActiveCfg = Debug|Any CPU
		{16779AED-C4C6-4A5C-BC3D-91B8F599ACE1}.Debug|Any CPU.Build.0 = Debug|Any CPU
		{16779AED-C4C6-4A5C-BC3D-91B8F599ACE1}.Release|Any CPU.ActiveCfg = Release|Any CPU
		{16779AED-C4C6-4A5C-BC3D-91B8F599ACE1}.Release|Any CPU.Build.0 = Release|Any CPU
		{A6DBBE2B-E26B-4DB3-9C7B-57A760D364B4}.Debug|Any CPU.ActiveCfg = Debug|Any CPU
		{A6DBBE2B-E26B-4DB3-9C7B-57A760D364B4}.Debug|Any CPU.Build.0 = Debug|Any CPU
		{A6DBBE2B-E26B-4DB3-9C7B-57A760D364B4}.Release|Any CPU.ActiveCfg = Release|Any CPU
		{A6DBBE2B-E26B-4DB3-9C7B-57A760D364B4}.Release|Any CPU.Build.0 = Release|Any CPU
	EndGlobalSection
	GlobalSection(SolutionProperties) = preSolution
		HideSolutionNode = FALSE
	EndGlobalSection
	GlobalSection(ExtensibilityGlobals) = postSolution
		SolutionGuid = {BA20503F-4D45-429D-B922-6D3FE04B0A19}
	EndGlobalSection
EndGlobal
