
Microsoft Visual Studio Solution File, Format Version 12.00
# Visual Studio 15
VisualStudioVersion = 15.0.28010.2016
MinimumVisualStudioVersion = 10.0.40219.1
Project("{FAE04EC0-301F-11D3-BF4B-00C04F79EFBC}") = "DesignPattern.Facade", "DesignPatternsCodeSamples\DesignPattern.Facade.csproj", "{135E9409-A44D-449B-BC6F-808925E79DC5}"
EndProject
Project("{FAE04EC0-301F-11D3-BF4B-00C04F79EFBC}") = "DesignPatternSampleUnitTest", "DesignPatternSampleUnitTest\DesignPatternSampleUnitTest.csproj", "{2A527719-8F89-4406-9DB8-22992218FB34}"
EndProject
Project("{FAE04EC0-301F-11D3-BF4B-00C04F79EFBC}") = "DesignPattern.Factory", "DesignPattern.Factory\DesignPattern.Factory.csproj", "{42A5EAD5-7468-425F-B61C-01DF5711A7F0}"
EndProject
Project("{FAE04EC0-301F-11D3-BF4B-00C04F79EFBC}") = "DesignPattern.AbstractFactory", "DesignPattern.AbstractFactory\DesignPattern.AbstractFactory.csproj", "{7F902A78-CD20-473C-A392-80A625F8B0A4}"
EndProject
Project("{FAE04EC0-301F-11D3-BF4B-00C04F79EFBC}") = "DessignPattern.Singleton", "DessignPattern.Singleton\DessignPattern.Singleton.csproj", "{D5C9FFA6-FC80-43AF-BC0F-F1AEE47A0058}"
EndProject
Project("{FAE04EC0-301F-11D3-BF4B-00C04F79EFBC}") = "DesignPattern.Adapter", "DesignPattern.Adapter\DesignPattern.Adapter.csproj", "{05A0F349-D9E3-4417-AED6-3C8803B1D025}"
EndProject
Global
	GlobalSection(SolutionConfigurationPlatforms) = preSolution
		Debug|Any CPU = Debug|Any CPU
		Release|Any CPU = Release|Any CPU
	EndGlobalSection
	GlobalSection(ProjectConfigurationPlatforms) = postSolution
		{135E9409-A44D-449B-BC6F-808925E79DC5}.Debug|Any CPU.ActiveCfg = Debug|Any CPU
		{135E9409-A44D-449B-BC6F-808925E79DC5}.Debug|Any CPU.Build.0 = Debug|Any CPU
		{135E9409-A44D-449B-BC6F-808925E79DC5}.Release|Any CPU.ActiveCfg = Release|Any CPU
		{135E9409-A44D-449B-BC6F-808925E79DC5}.Release|Any CPU.Build.0 = Release|Any CPU
		{2A527719-8F89-4406-9DB8-22992218FB34}.Debug|Any CPU.ActiveCfg = Debug|Any CPU
		{2A527719-8F89-4406-9DB8-22992218FB34}.Debug|Any CPU.Build.0 = Debug|Any CPU
		{2A527719-8F89-4406-9DB8-22992218FB34}.Release|Any CPU.ActiveCfg = Release|Any CPU
		{2A527719-8F89-4406-9DB8-22992218FB34}.Release|Any CPU.Build.0 = Release|Any CPU
		{42A5EAD5-7468-425F-B61C-01DF5711A7F0}.Debug|Any CPU.ActiveCfg = Debug|Any CPU
		{42A5EAD5-7468-425F-B61C-01DF5711A7F0}.Debug|Any CPU.Build.0 = Debug|Any CPU
		{42A5EAD5-7468-425F-B61C-01DF5711A7F0}.Release|Any CPU.ActiveCfg = Release|Any CPU
		{42A5EAD5-7468-425F-B61C-01DF5711A7F0}.Release|Any CPU.Build.0 = Release|Any CPU
		{7F902A78-CD20-473C-A392-80A625F8B0A4}.Debug|Any CPU.ActiveCfg = Debug|Any CPU
		{7F902A78-CD20-473C-A392-80A625F8B0A4}.Debug|Any CPU.Build.0 = Debug|Any CPU
		{7F902A78-CD20-473C-A392-80A625F8B0A4}.Release|Any CPU.ActiveCfg = Release|Any CPU
		{7F902A78-CD20-473C-A392-80A625F8B0A4}.Release|Any CPU.Build.0 = Release|Any CPU
		{D5C9FFA6-FC80-43AF-BC0F-F1AEE47A0058}.Debug|Any CPU.ActiveCfg = Debug|Any CPU
		{D5C9FFA6-FC80-43AF-BC0F-F1AEE47A0058}.Debug|Any CPU.Build.0 = Debug|Any CPU
		{D5C9FFA6-FC80-43AF-BC0F-F1AEE47A0058}.Release|Any CPU.ActiveCfg = Release|Any CPU
		{D5C9FFA6-FC80-43AF-BC0F-F1AEE47A0058}.Release|Any CPU.Build.0 = Release|Any CPU
		{05A0F349-D9E3-4417-AED6-3C8803B1D025}.Debug|Any CPU.ActiveCfg = Debug|Any CPU
		{05A0F349-D9E3-4417-AED6-3C8803B1D025}.Debug|Any CPU.Build.0 = Debug|Any CPU
		{05A0F349-D9E3-4417-AED6-3C8803B1D025}.Release|Any CPU.ActiveCfg = Release|Any CPU
		{05A0F349-D9E3-4417-AED6-3C8803B1D025}.Release|Any CPU.Build.0 = Release|Any CPU
	EndGlobalSection
	GlobalSection(SolutionProperties) = preSolution
		HideSolutionNode = FALSE
	EndGlobalSection
	GlobalSection(ExtensibilityGlobals) = postSolution
		SolutionGuid = {BA20503F-4D45-429D-B922-6D3FE04B0A19}
	EndGlobalSection
EndGlobal
